
Microsoft Visual Studio Solution File, Format Version 12.00
# Visual Studio Version 17
VisualStudioVersion = 17.10.35122.118
MinimumVisualStudioVersion = 10.0.40219.1
Project("{FAE04EC0-301F-11D3-BF4B-00C04F79EFBC}") = "GenericsDemo", "GenericsDemo\GenericsDemo.csproj", "{C099F6E6-FA2C-4F06-97A5-95BE66E5CC8A}"
EndProject
Global
	GlobalSection(SolutionConfigurationPlatforms) = preSolution
		Debug|Any CPU = Debug|Any CPU
		Release|Any CPU = Release|Any CPU
	EndGlobalSection
	GlobalSection(ProjectConfigurationPlatforms) = postSolution
		{C099F6E6-FA2C-4F06-97A5-95BE66E5CC8A}.Debug|Any CPU.ActiveCfg = Debug|Any CPU
		{C099F6E6-FA2C-4F06-97A5-95BE66E5CC8A}.Debug|Any CPU.Build.0 = Debug|Any CPU
		{C099F6E6-FA2C-4F06-97A5-95BE66E5CC8A}.Release|Any CPU.ActiveCfg = Release|Any CPU
		{C099F6E6-FA2C-4F06-97A5-95BE66E5CC8A}.Release|Any CPU.Build.0 = Release|Any CPU
	EndGlobalSection
	GlobalSection(SolutionProperties) = preSolution
		HideSolutionNode = FALSE
	EndGlobalSection
	GlobalSection(ExtensibilityGlobals) = postSolution
		SolutionGuid = {5ECB974A-CCCC-4756-85D7-53D0556F5D20}
	EndGlobalSection
EndGlobal
