
Microsoft Visual Studio Solution File, Format Version 12.00
# Visual Studio Version 17
VisualStudioVersion = 17.10.35122.118
MinimumVisualStudioVersion = 10.0.40219.1
Project("{FAE04EC0-301F-11D3-BF4B-00C04F79EFBC}") = "PigDice", "PigDice\PigDice.csproj", "{D25E43A4-43D3-4291-B483-F0B46BCBFCEA}"
EndProject
Global
	GlobalSection(SolutionConfigurationPlatforms) = preSolution
		Debug|Any CPU = Debug|Any CPU
		Release|Any CPU = Release|Any CPU
	EndGlobalSection
	GlobalSection(ProjectConfigurationPlatforms) = postSolution
		{D25E43A4-43D3-4291-B483-F0B46BCBFCEA}.Debug|Any CPU.ActiveCfg = Debug|Any CPU
		{D25E43A4-43D3-4291-B483-F0B46BCBFCEA}.Debug|Any CPU.Build.0 = Debug|Any CPU
		{D25E43A4-43D3-4291-B483-F0B46BCBFCEA}.Release|Any CPU.ActiveCfg = Release|Any CPU
		{D25E43A4-43D3-4291-B483-F0B46BCBFCEA}.Release|Any CPU.Build.0 = Release|Any CPU
	EndGlobalSection
	GlobalSection(SolutionProperties) = preSolution
		HideSolutionNode = FALSE
	EndGlobalSection
	GlobalSection(ExtensibilityGlobals) = postSolution
		SolutionGuid = {365E86B6-7233-4C15-8135-C8442681EC55}
	EndGlobalSection
EndGlobal
