
Microsoft Visual Studio Solution File, Format Version 12.00
# Visual Studio Version 17
VisualStudioVersion = 17.10.35122.118
MinimumVisualStudioVersion = 10.0.40219.1
Project("{FAE04EC0-301F-11D3-BF4B-00C04F79EFBC}") = "replaceInString", "replaceInString\replaceInString.csproj", "{5FD534F7-695B-40B0-83DD-9B0BC89BDB09}"
EndProject
Global
	GlobalSection(SolutionConfigurationPlatforms) = preSolution
		Debug|Any CPU = Debug|Any CPU
		Release|Any CPU = Release|Any CPU
	EndGlobalSection
	GlobalSection(ProjectConfigurationPlatforms) = postSolution
		{5FD534F7-695B-40B0-83DD-9B0BC89BDB09}.Debug|Any CPU.ActiveCfg = Debug|Any CPU
		{5FD534F7-695B-40B0-83DD-9B0BC89BDB09}.Debug|Any CPU.Build.0 = Debug|Any CPU
		{5FD534F7-695B-40B0-83DD-9B0BC89BDB09}.Release|Any CPU.ActiveCfg = Release|Any CPU
		{5FD534F7-695B-40B0-83DD-9B0BC89BDB09}.Release|Any CPU.Build.0 = Release|Any CPU
	EndGlobalSection
	GlobalSection(SolutionProperties) = preSolution
		HideSolutionNode = FALSE
	EndGlobalSection
	GlobalSection(ExtensibilityGlobals) = postSolution
		SolutionGuid = {572D2823-C7B7-46DB-B69A-FA0772ADD8E3}
	EndGlobalSection
EndGlobal
