
Microsoft Visual Studio Solution File, Format Version 12.00
# Visual Studio Version 17
VisualStudioVersion = 17.10.35122.118
MinimumVisualStudioVersion = 10.0.40219.1
Project("{FAE04EC0-301F-11D3-BF4B-00C04F79EFBC}") = "Homework5.2", "Homework5.2\Homework5.2.csproj", "{686D6281-804E-4E48-8691-760B13B8A310}"
EndProject
Global
	GlobalSection(SolutionConfigurationPlatforms) = preSolution
		Debug|Any CPU = Debug|Any CPU
		Release|Any CPU = Release|Any CPU
	EndGlobalSection
	GlobalSection(ProjectConfigurationPlatforms) = postSolution
		{686D6281-804E-4E48-8691-760B13B8A310}.Debug|Any CPU.ActiveCfg = Debug|Any CPU
		{686D6281-804E-4E48-8691-760B13B8A310}.Debug|Any CPU.Build.0 = Debug|Any CPU
		{686D6281-804E-4E48-8691-760B13B8A310}.Release|Any CPU.ActiveCfg = Release|Any CPU
		{686D6281-804E-4E48-8691-760B13B8A310}.Release|Any CPU.Build.0 = Release|Any CPU
	EndGlobalSection
	GlobalSection(SolutionProperties) = preSolution
		HideSolutionNode = FALSE
	EndGlobalSection
	GlobalSection(ExtensibilityGlobals) = postSolution
		SolutionGuid = {20F7DAAF-3A86-4043-BD19-39E62E8CA69C}
	EndGlobalSection
EndGlobal
