
Microsoft Visual Studio Solution File, Format Version 12.00
# Visual Studio Version 17
VisualStudioVersion = 17.10.35122.118
MinimumVisualStudioVersion = 10.0.40219.1
Project("{FAE04EC0-301F-11D3-BF4B-00C04F79EFBC}") = "ch6Demos", "ch6Demos\ch6Demos.csproj", "{1C073E9B-5A07-4325-B4E8-1111E9B974B9}"
EndProject
Global
	GlobalSection(SolutionConfigurationPlatforms) = preSolution
		Debug|Any CPU = Debug|Any CPU
		Release|Any CPU = Release|Any CPU
	EndGlobalSection
	GlobalSection(ProjectConfigurationPlatforms) = postSolution
		{1C073E9B-5A07-4325-B4E8-1111E9B974B9}.Debug|Any CPU.ActiveCfg = Debug|Any CPU
		{1C073E9B-5A07-4325-B4E8-1111E9B974B9}.Debug|Any CPU.Build.0 = Debug|Any CPU
		{1C073E9B-5A07-4325-B4E8-1111E9B974B9}.Release|Any CPU.ActiveCfg = Release|Any CPU
		{1C073E9B-5A07-4325-B4E8-1111E9B974B9}.Release|Any CPU.Build.0 = Release|Any CPU
	EndGlobalSection
	GlobalSection(SolutionProperties) = preSolution
		HideSolutionNode = FALSE
	EndGlobalSection
	GlobalSection(ExtensibilityGlobals) = postSolution
		SolutionGuid = {8259A98E-407A-4117-8C2F-2C11B224ED35}
	EndGlobalSection
EndGlobal
