
Microsoft Visual Studio Solution File, Format Version 12.00
# Visual Studio Version 17
VisualStudioVersion = 17.10.35122.118
MinimumVisualStudioVersion = 10.0.40219.1
Project("{FAE04EC0-301F-11D3-BF4B-00C04F79EFBC}") = "Homework2.2", "Homework2.2\Homework2.2.csproj", "{5FD3BDEC-85A5-41D2-BFF4-ABC14D343C2A}"
EndProject
Global
	GlobalSection(SolutionConfigurationPlatforms) = preSolution
		Debug|Any CPU = Debug|Any CPU
		Release|Any CPU = Release|Any CPU
	EndGlobalSection
	GlobalSection(ProjectConfigurationPlatforms) = postSolution
		{5FD3BDEC-85A5-41D2-BFF4-ABC14D343C2A}.Debug|Any CPU.ActiveCfg = Debug|Any CPU
		{5FD3BDEC-85A5-41D2-BFF4-ABC14D343C2A}.Debug|Any CPU.Build.0 = Debug|Any CPU
		{5FD3BDEC-85A5-41D2-BFF4-ABC14D343C2A}.Release|Any CPU.ActiveCfg = Release|Any CPU
		{5FD3BDEC-85A5-41D2-BFF4-ABC14D343C2A}.Release|Any CPU.Build.0 = Release|Any CPU
	EndGlobalSection
	GlobalSection(SolutionProperties) = preSolution
		HideSolutionNode = FALSE
	EndGlobalSection
	GlobalSection(ExtensibilityGlobals) = postSolution
		SolutionGuid = {A962B59C-B517-450B-879B-47B569490868}
	EndGlobalSection
EndGlobal
