
Microsoft Visual Studio Solution File, Format Version 12.00
# Visual Studio Version 17
VisualStudioVersion = 17.10.35122.118
MinimumVisualStudioVersion = 10.0.40219.1
Project("{FAE04EC0-301F-11D3-BF4B-00C04F79EFBC}") = "NullableTypesDemo", "NullableTypesDemo\NullableTypesDemo.csproj", "{636BA64F-304B-4E5B-8B22-9CA0B2B2F82D}"
EndProject
Global
	GlobalSection(SolutionConfigurationPlatforms) = preSolution
		Debug|Any CPU = Debug|Any CPU
		Release|Any CPU = Release|Any CPU
	EndGlobalSection
	GlobalSection(ProjectConfigurationPlatforms) = postSolution
		{636BA64F-304B-4E5B-8B22-9CA0B2B2F82D}.Debug|Any CPU.ActiveCfg = Debug|Any CPU
		{636BA64F-304B-4E5B-8B22-9CA0B2B2F82D}.Debug|Any CPU.Build.0 = Debug|Any CPU
		{636BA64F-304B-4E5B-8B22-9CA0B2B2F82D}.Release|Any CPU.ActiveCfg = Release|Any CPU
		{636BA64F-304B-4E5B-8B22-9CA0B2B2F82D}.Release|Any CPU.Build.0 = Release|Any CPU
	EndGlobalSection
	GlobalSection(SolutionProperties) = preSolution
		HideSolutionNode = FALSE
	EndGlobalSection
	GlobalSection(ExtensibilityGlobals) = postSolution
		SolutionGuid = {86F987E5-8326-4FCD-8B8C-DFDBD7B25C73}
	EndGlobalSection
EndGlobal
