
Microsoft Visual Studio Solution File, Format Version 12.00
# Visual Studio Version 17
VisualStudioVersion = 17.10.35122.118
MinimumVisualStudioVersion = 10.0.40219.1
Project("{FAE04EC0-301F-11D3-BF4B-00C04F79EFBC}") = "ch9demos", "ch9demos\ch9demos.csproj", "{B444F318-36FF-49C2-BE59-D663A1BC7625}"
EndProject
Global
	GlobalSection(SolutionConfigurationPlatforms) = preSolution
		Debug|Any CPU = Debug|Any CPU
		Release|Any CPU = Release|Any CPU
	EndGlobalSection
	GlobalSection(ProjectConfigurationPlatforms) = postSolution
		{B444F318-36FF-49C2-BE59-D663A1BC7625}.Debug|Any CPU.ActiveCfg = Debug|Any CPU
		{B444F318-36FF-49C2-BE59-D663A1BC7625}.Debug|Any CPU.Build.0 = Debug|Any CPU
		{B444F318-36FF-49C2-BE59-D663A1BC7625}.Release|Any CPU.ActiveCfg = Release|Any CPU
		{B444F318-36FF-49C2-BE59-D663A1BC7625}.Release|Any CPU.Build.0 = Release|Any CPU
	EndGlobalSection
	GlobalSection(SolutionProperties) = preSolution
		HideSolutionNode = FALSE
	EndGlobalSection
	GlobalSection(ExtensibilityGlobals) = postSolution
		SolutionGuid = {307CE9E2-3EF0-4277-B3D9-C766991F38F7}
	EndGlobalSection
EndGlobal
