
Microsoft Visual Studio Solution File, Format Version 12.00
# Visual Studio Version 17
VisualStudioVersion = 17.10.35122.118
MinimumVisualStudioVersion = 10.0.40219.1
Project("{FAE04EC0-301F-11D3-BF4B-00C04F79EFBC}") = "ch4demos", "ch4demos\ch4demos.csproj", "{3917700D-EE45-4704-9748-E47F32FF9F36}"
EndProject
Global
	GlobalSection(SolutionConfigurationPlatforms) = preSolution
		Debug|Any CPU = Debug|Any CPU
		Release|Any CPU = Release|Any CPU
	EndGlobalSection
	GlobalSection(ProjectConfigurationPlatforms) = postSolution
		{3917700D-EE45-4704-9748-E47F32FF9F36}.Debug|Any CPU.ActiveCfg = Debug|Any CPU
		{3917700D-EE45-4704-9748-E47F32FF9F36}.Debug|Any CPU.Build.0 = Debug|Any CPU
		{3917700D-EE45-4704-9748-E47F32FF9F36}.Release|Any CPU.ActiveCfg = Release|Any CPU
		{3917700D-EE45-4704-9748-E47F32FF9F36}.Release|Any CPU.Build.0 = Release|Any CPU
	EndGlobalSection
	GlobalSection(SolutionProperties) = preSolution
		HideSolutionNode = FALSE
	EndGlobalSection
	GlobalSection(ExtensibilityGlobals) = postSolution
		SolutionGuid = {CAD95106-FD87-4FBF-A528-E46E6F169538}
	EndGlobalSection
EndGlobal
